
Microsoft Visual Studio Solution File, Format Version 12.00
# Visual Studio Version 16
VisualStudioVersion = 16.0.29519.87
MinimumVisualStudioVersion = 10.0.40219.1
Project("{FAE04EC0-301F-11D3-BF4B-00C04F79EFBC}") = "StatelessDapperSample.Repository", "src\StatelessDapperSample.Repository\StatelessDapperSample.Repository.csproj", "{36B8AFD0-E591-4F53-AC88-E3D29C4A3A41}"
EndProject
Project("{2150E333-8FDC-42A3-9474-1A3956D46DE8}") = "src", "src", "{CCE4622B-2978-46E9-B1A5-FD9DEB95862B}"
EndProject
Project("{FAE04EC0-301F-11D3-BF4B-00C04F79EFBC}") = "StatelessDapperSample.Domain", "src\StatelessDapperSample.Domain\StatelessDapperSample.Domain.csproj", "{3A5B9A84-C6B7-4DFF-A0EC-585C6FF3BD24}"
EndProject
Project("{FAE04EC0-301F-11D3-BF4B-00C04F79EFBC}") = "StatelessDapperSample", "src\StatelessDapperSample\StatelessDapperSample.csproj", "{CC6A8E49-6DD6-4388-855B-5DCA0F958C53}"
EndProject
Global
	GlobalSection(SolutionConfigurationPlatforms) = preSolution
		Debug|Any CPU = Debug|Any CPU
		Release|Any CPU = Release|Any CPU
	EndGlobalSection
	GlobalSection(ProjectConfigurationPlatforms) = postSolution
		{36B8AFD0-E591-4F53-AC88-E3D29C4A3A41}.Debug|Any CPU.ActiveCfg = Debug|Any CPU
		{36B8AFD0-E591-4F53-AC88-E3D29C4A3A41}.Debug|Any CPU.Build.0 = Debug|Any CPU
		{36B8AFD0-E591-4F53-AC88-E3D29C4A3A41}.Release|Any CPU.ActiveCfg = Release|Any CPU
		{36B8AFD0-E591-4F53-AC88-E3D29C4A3A41}.Release|Any CPU.Build.0 = Release|Any CPU
		{3A5B9A84-C6B7-4DFF-A0EC-585C6FF3BD24}.Debug|Any CPU.ActiveCfg = Debug|Any CPU
		{3A5B9A84-C6B7-4DFF-A0EC-585C6FF3BD24}.Debug|Any CPU.Build.0 = Debug|Any CPU
		{3A5B9A84-C6B7-4DFF-A0EC-585C6FF3BD24}.Release|Any CPU.ActiveCfg = Release|Any CPU
		{3A5B9A84-C6B7-4DFF-A0EC-585C6FF3BD24}.Release|Any CPU.Build.0 = Release|Any CPU
		{CC6A8E49-6DD6-4388-855B-5DCA0F958C53}.Debug|Any CPU.ActiveCfg = Debug|Any CPU
		{CC6A8E49-6DD6-4388-855B-5DCA0F958C53}.Debug|Any CPU.Build.0 = Debug|Any CPU
		{CC6A8E49-6DD6-4388-855B-5DCA0F958C53}.Release|Any CPU.ActiveCfg = Release|Any CPU
		{CC6A8E49-6DD6-4388-855B-5DCA0F958C53}.Release|Any CPU.Build.0 = Release|Any CPU
	EndGlobalSection
	GlobalSection(SolutionProperties) = preSolution
		HideSolutionNode = FALSE
	EndGlobalSection
	GlobalSection(NestedProjects) = preSolution
		{36B8AFD0-E591-4F53-AC88-E3D29C4A3A41} = {CCE4622B-2978-46E9-B1A5-FD9DEB95862B}
		{3A5B9A84-C6B7-4DFF-A0EC-585C6FF3BD24} = {CCE4622B-2978-46E9-B1A5-FD9DEB95862B}
		{CC6A8E49-6DD6-4388-855B-5DCA0F958C53} = {CCE4622B-2978-46E9-B1A5-FD9DEB95862B}
	EndGlobalSection
	GlobalSection(ExtensibilityGlobals) = postSolution
		SolutionGuid = {F61ED983-9DFA-46D0-BB5A-59FF922DFE5F}
	EndGlobalSection
EndGlobal
